
Microsoft Visual Studio Solution File, Format Version 12.00
# Visual Studio Version 16
VisualStudioVersion = 16.0.30413.136
MinimumVisualStudioVersion = 10.0.40219.1
Project("{FAE04EC0-301F-11D3-BF4B-00C04F79EFBC}") = "Entidades", "Entidades\Entidades.csproj", "{626106D4-3453-4BEB-978F-662F70229E3A}"
EndProject
Project("{FAE04EC0-301F-11D3-BF4B-00C04F79EFBC}") = "MiCaluladora", "MiCaluladora\MiCaluladora.csproj", "{A6462BF5-FD60-4235-B284-0E45BFB2BF15}"
EndProject
Global
	GlobalSection(SolutionConfigurationPlatforms) = preSolution
		Debug|Any CPU = Debug|Any CPU
		Release|Any CPU = Release|Any CPU
	EndGlobalSection
	GlobalSection(ProjectConfigurationPlatforms) = postSolution
		{626106D4-3453-4BEB-978F-662F70229E3A}.Debug|Any CPU.ActiveCfg = Debug|Any CPU
		{626106D4-3453-4BEB-978F-662F70229E3A}.Debug|Any CPU.Build.0 = Debug|Any CPU
		{626106D4-3453-4BEB-978F-662F70229E3A}.Release|Any CPU.ActiveCfg = Release|Any CPU
		{626106D4-3453-4BEB-978F-662F70229E3A}.Release|Any CPU.Build.0 = Release|Any CPU
		{A6462BF5-FD60-4235-B284-0E45BFB2BF15}.Debug|Any CPU.ActiveCfg = Debug|Any CPU
		{A6462BF5-FD60-4235-B284-0E45BFB2BF15}.Debug|Any CPU.Build.0 = Debug|Any CPU
		{A6462BF5-FD60-4235-B284-0E45BFB2BF15}.Release|Any CPU.ActiveCfg = Release|Any CPU
		{A6462BF5-FD60-4235-B284-0E45BFB2BF15}.Release|Any CPU.Build.0 = Release|Any CPU
	EndGlobalSection
	GlobalSection(SolutionProperties) = preSolution
		HideSolutionNode = FALSE
	EndGlobalSection
	GlobalSection(ExtensibilityGlobals) = postSolution
		SolutionGuid = {8CC2465F-9C55-4BFB-947C-5094A7A695F4}
	EndGlobalSection
EndGlobal
